// !$*UTF8*$!
{
	archiveVersion = 1;
	classes = {
	};
	objectVersion = 46;
	objects = {

/* Begin PBXBuildFile section */
		43CC591D1E3AA34D000F312D /* AppDelegate.swift in Sources */ = {isa = PBXBuildFile; fileRef = 43CC591C1E3AA34D000F312D /* AppDelegate.swift */; };
		43CC591F1E3AA34D000F312D /* ViewController.swift in Sources */ = {isa = PBXBuildFile; fileRef = 43CC591E1E3AA34D000F312D /* ViewController.swift */; };
		43CC59221E3AA34D000F312D /* Main.storyboard in Resources */ = {isa = PBXBuildFile; fileRef = 43CC59201E3AA34D000F312D /* Main.storyboard */; };
		43CC59241E3AA34D000F312D /* Assets.xcassets in Resources */ = {isa = PBXBuildFile; fileRef = 43CC59231E3AA34D000F312D /* Assets.xcassets */; };
		43CC59271E3AA34D000F312D /* LaunchScreen.storyboard in Resources */ = {isa = PBXBuildFile; fileRef = 43CC59251E3AA34D000F312D /* LaunchScreen.storyboard */; };
/* End PBXBuildFile section */

/* Begin PBXFileReference section */
		43CC59191E3AA34D000F312D /* Aula_008_EdicaoContatos.app */ = {isa = PBXFileReference; explicitFileType = wrapper.application; includeInIndex = 0; path = Aula_008_EdicaoContatos.app; sourceTree = BUILT_PRODUCTS_DIR; };
		43CC591C1E3AA34D000F312D /* AppDelegate.swift */ = {isa = PBXFileReference; lastKnownFileType = sourcecode.swift; path = AppDelegate.swift; sourceTree = "<group>"; };
		43CC591E1E3AA34D000F312D /* ViewController.swift */ = {isa = PBXFileReference; lastKnownFileType = sourcecode.swift; path = ViewController.swift; sourceTree = "<group>"; };
		43CC59211E3AA34D000F312D /* Base */ = {isa = PBXFileReference; lastKnownFileType = file.storyboard; name = Base; path = Base.lproj/Main.storyboard; sourceTree = "<group>"; };
		43CC59231E3AA34D000F312D /* Assets.xcassets */ = {isa = PBXFileReference; lastKnownFileType = folder.assetcatalog; path = Assets.xcassets; sourceTree = "<group>"; };
		43CC59261E3AA34D000F312D /* Base */ = {isa = PBXFileReference; lastKnownFileType = file.storyboard; name = Base; path = Base.lproj/LaunchScreen.storyboard; sourceTree = "<group>"; };
		43CC59281E3AA34D000F312D /* Info.plist */ = {isa = PBXFileReference; lastKnownFileType = text.plist.xml; path = Info.plist; sourceTree = "<group>"; };
/* End PBXFileReference section */

/* Begin PBXFrameworksBuildPhase section */
		43CC59161E3AA34D000F312D /* Frameworks */ = {
			isa = PBXFrameworksBuildPhase;
			buildActionMask = 2147483647;
			files = (
			);
			runOnlyForDeploymentPostprocessing = 0;
		};
/* End PBXFrameworksBuildPhase section */

/* Begin PBXGroup section */
		43CC59101E3AA34D000F312D = {
			isa = PBXGroup;
			children = (
				43CC591B1E3AA34D000F312D /* Aula_008_EdicaoContatos */,
				43CC591A1E3AA34D000F312D /* Products */,
			);
			sourceTree = "<group>";
		};
		43CC591A1E3AA34D000F312D /* Products */ = {
			isa = PBXGroup;
			children = (
				43CC59191E3AA34D000F312D /* Aula_008_EdicaoContatos.app */,
			);
			name = Products;
			sourceTree = "<group>";
		};
		43CC591B1E3AA34D000F312D /* Aula_008_EdicaoContatos */ = {
			isa = PBXGroup;
			children = (
				43CC591C1E3AA34D000F312D /* AppDelegate.swift */,
				43CC591E1E3AA34D000F312D /* ViewController.swift */,
				43CC59201E3AA34D000F312D /* Main.storyboard */,
				43CC59231E3AA34D000F312D /* Assets.xcassets */,
				43CC59251E3AA34D000F312D /* LaunchScreen.storyboard */,
				43CC59281E3AA34D000F312D /* Info.plist */,
			);
			path = Aula_008_EdicaoContatos;
			sourceTree = "<group>";
		};
/* End PBXGroup section */

/* Begin PBXNativeTarget section */
		43CC59181E3AA34D000F312D /* Aula_008_EdicaoContatos */ = {
			isa = PBXNativeTarget;
			buildConfigurationList = 43CC592B1E3AA34D000F312D /* Build configuration list for PBXNativeTarget "Aula_008_EdicaoContatos" */;
			buildPhases = (
				43CC59151E3AA34D000F312D /* Sources */,
				43CC59161E3AA34D000F312D /* Frameworks */,
				43CC59171E3AA34D000F312D /* Resources */,
			);
			buildRules = (
			);
			dependencies = (
			);
			name = Aula_008_EdicaoContatos;
			productName = Aula_008_EdicaoContatos;
			productReference = 43CC59191E3AA34D000F312D /* Aula_008_EdicaoContatos.app */;
			productType = "com.apple.product-type.application";
		};
/* End PBXNativeTarget section */

/* Begin PBXProject section */
		43CC59111E3AA34D000F312D /* Project object */ = {
			isa = PBXProject;
			attributes = {
				LastSwiftUpdateCheck = 0800;
				LastUpgradeCheck = 0800;
				ORGANIZATIONNAME = Swift;
				TargetAttributes = {
					43CC59181E3AA34D000F312D = {
						CreatedOnToolsVersion = 8.0;
						DevelopmentTeam = 3XU35YZPYQ;
						ProvisioningStyle = Automatic;
					};
				};
			};
			buildConfigurationList = 43CC59141E3AA34D000F312D /* Build configuration list for PBXProject "Aula_008_EdicaoContatos" */;
			compatibilityVersion = "Xcode 3.2";
			developmentRegion = English;
			hasScannedForEncodings = 0;
			knownRegions = (
				en,
				Base,
			);
			mainGroup = 43CC59101E3AA34D000F312D;
			productRefGroup = 43CC591A1E3AA34D000F312D /* Products */;
			projectDirPath = "";
			projectRoot = "";
			targets = (
				43CC59181E3AA34D000F312D /* Aula_008_EdicaoContatos */,
			);
		};
/* End PBXProject section */

/* Begin PBXResourcesBuildPhase section */
		43CC59171E3AA34D000F312D /* Resources */ = {
			isa = PBXResourcesBuildPhase;
			buildActionMask = 2147483647;
			files = (
				43CC59271E3AA34D000F312D /* LaunchScreen.storyboard in Resources */,
				43CC59241E3AA34D000F312D /* Assets.xcassets in Resources */,
				43CC59221E3AA34D000F312D /* Main.storyboard in Resources */,
			);
			runOnlyForDeploymentPostprocessing = 0;
		};
/* End PBXResourcesBuildPhase section */

/* Begin PBXSourcesBuildPhase section */
		43CC59151E3AA34D000F312D /* Sources */ = {
			isa = PBXSourcesBuildPhase;
			buildActionMask = 2147483647;
			files = (
				43CC591F1E3AA34D000F312D /* ViewController.swift in Sources */,
				43CC591D1E3AA34D000F312D /* AppDelegate.swift in Sources */,
			);
			runOnlyForDeploymentPostprocessing = 0;
		};
/* End PBXSourcesBuildPhase section */

/* Begin PBXVariantGroup section */
		43CC59201E3AA34D000F312D /* Main.storyboard */ = {
			isa = PBXVariantGroup;
			children = (
				43CC59211E3AA34D000F312D /* Base */,
			);
			name = Main.storyboard;
			sourceTree = "<group>";
		};
		43CC59251E3AA34D000F312D /* LaunchScreen.storyboard */ = {
			isa = PBXVariantGroup;
			children = (
				43CC59261E3AA34D000F312D /* Base */,
			);
			name = LaunchScreen.storyboard;
			sourceTree = "<group>";
		};
/* End PBXVariantGroup section */

/* Begin XCBuildConfiguration section */
		43CC59291E3AA34D000F312D /* Debug */ = {
			isa = XCBuildConfiguration;
			buildSettings = {
				ALWAYS_SEARCH_USER_PATHS = NO;
				CLANG_ANALYZER_NONNULL = YES;
				CLANG_CXX_LANGUAGE_STANDARD = "gnu++0x";
				CLANG_CXX_LIBRARY = "libc++";
				CLANG_ENABLE_MODULES = YES;
				CLANG_ENABLE_OBJC_ARC = YES;
				CLANG_WARN_BOOL_CONVERSION = YES;
				CLANG_WARN_CONSTANT_CONVERSION = YES;
				CLANG_WARN_DIRECT_OBJC_ISA_USAGE = YES_ERROR;
				CLANG_WARN_DOCUMENTATION_COMMENTS = YES;
				CLANG_WARN_EMPTY_BODY = YES;
				CLANG_WARN_ENUM_CONVERSION = YES;
				CLANG_WARN_INFINITE_RECURSION = YES;
				CLANG_WARN_INT_CONVERSION = YES;
				CLANG_WARN_OBJC_ROOT_CLASS = YES_ERROR;
				CLANG_WARN_SUSPICIOUS_MOVES = YES;
				CLANG_WARN_UNREACHABLE_CODE = YES;
				CLANG_WARN__DUPLICATE_METHOD_MATCH = YES;
				"CODE_SIGN_IDENTITY[sdk=iphoneos*]" = "iPhone Developer";
				COPY_PHASE_STRIP = NO;
				DEBUG_INFORMATION_FORMAT = dwarf;
				ENABLE_STRICT_OBJC_MSGSEND = YES;
				ENABLE_TESTABILITY = YES;
				GCC_C_LANGUAGE_STANDARD = gnu99;
				GCC_DYNAMIC_NO_PIC = NO;
				GCC_NO_COMMON_BLOCKS = YES;
				GCC_OPTIMIZATION_LEVEL = 0;
				GCC_PREPROCESSOR_DEFINITIONS = (
					"DEBUG=1",
					"$(inherited)",
				);
				GCC_WARN_64_TO_32_BIT_CONVERSION = YES;
				GCC_WARN_ABOUT_RETURN_TYPE = YES_ERROR;
				GCC_WARN_UNDECLARED_SELECTOR = YES;
				GCC_WARN_UNINITIALIZED_AUTOS = YES_AGGRESSIVE;
				GCC_WARN_UNUSED_FUNCTION = YES;
				GCC_WARN_UNUSED_VARIABLE = YES;
				IPHONEOS_DEPLOYMENT_TARGET = 10.0;
				MTL_ENABLE_DEBUG_INFO = YES;
				ONLY_ACTIVE_ARCH = YES;
				SDKROOT = iphoneos;
				SWIFT_ACTIVE_COMPILATION_CONDITIONS = DEBUG;
				SWIFT_OPTIMIZATION_LEVEL = "-Onone";
				TARGETED_DEVICE_FAMILY = "1,2";
			};
			name = Debug;
		};
		43CC592A1E3AA34D000F312D /* Release */ = {
			isa = XCBuildConfiguration;
			buildSettings = {
				ALWAYS_SEARCH_USER_PATHS = NO;
				CLANG_ANALYZER_NONNULL = YES;
				CLANG_CXX_LANGUAGE_STANDARD = "gnu++0x";
				CLANG_CXX_LIBRARY = "libc++";
				CLANG_ENABLE_MODULES = YES;
				CLANG_ENABLE_OBJC_ARC = YES;
				CLANG_WARN_BOOL_CONVERSION = YES;
				CLANG_WARN_CONSTANT_CONVERSION = YES;
				CLANG_WARN_DIRECT_OBJC_ISA_USAGE = YES_ERROR;
				CLANG_WARN_DOCUMENTATION_COMMENTS = YES;
				CLANG_WARN_EMPTY_BODY = YES;
				CLANG_WARN_ENUM_CONVERSION = YES;
				CLANG_WARN_INFINITE_RECURSION = YES;
				CLANG_WARN_INT_CONVERSION = YES;
				CLANG_WARN_OBJC_ROOT_CLASS = YES_ERROR;
				CLANG_WARN_SUSPICIOUS_MOVES = YES;
				CLANG_WARN_UNREACHABLE_CODE = YES;
				CLANG_WARN__DUPLICATE_METHOD_MATCH = YES;
				"CODE_SIGN_IDENTITY[sdk=iphoneos*]" = "iPhone Developer";
				COPY_PHASE_STRIP = NO;
				DEBUG_INFORMATION_FORMAT = "dwarf-with-dsym";
				ENABLE_NS_ASSERTIONS = NO;
				ENABLE_STRICT_OBJC_MSGSEND = YES;
				GCC_C_LANGUAGE_STANDARD = gnu99;
				GCC_NO_COMMON_BLOCKS = YES;
				GCC_WARN_64_TO_32_BIT_CONVERSION = YES;
				GCC_WARN_ABOUT_RETURN_TYPE = YES_ERROR;
				GCC_WARN_UNDECLARED_SELECTOR = YES;
				GCC_WARN_UNINITIALIZED_AUTOS = YES_AGGRESSIVE;
				GCC_WARN_UNUSED_FUNCTION = YES;
				GCC_WARN_UNUSED_VARIABLE = YES;
				IPHONEOS_DEPLOYMENT_TARGET = 10.0;
				MTL_ENABLE_DEBUG_INFO = NO;
				SDKROOT = iphoneos;
				SWIFT_OPTIMIZATION_LEVEL = "-Owholemodule";
				TARGETED_DEVICE_FAMILY = "1,2";
				VALIDATE_PRODUCT = YES;
			};
			name = Release;
		};
		43CC592C1E3AA34D000F312D /* Debug */ = {
			isa = XCBuildConfiguration;
			buildSettings = {
				ASSETCATALOG_COMPILER_APPICON_NAME = AppIcon;
				DEVELOPMENT_TEAM = 3XU35YZPYQ;
				INFOPLIST_FILE = Aula_008_EdicaoContatos/Info.plist;
				LD_RUNPATH_SEARCH_PATHS = "$(inherited) @executable_path/Frameworks";
				PRODUCT_BUNDLE_IDENTIFIER = "br.quaddro.com.Aula-008-EdicaoContatos";
				PRODUCT_NAME = "$(TARGET_NAME)";
				SWIFT_VERSION = 3.0;
			};
			name = Debug;
		};
		43CC592D1E3AA34D000F312D /* Release */ = {
			isa = XCBuildConfiguration;
			buildSettings = {
				ASSETCATALOG_COMPILER_APPICON_NAME = AppIcon;
				DEVELOPMENT_TEAM = 3XU35YZPYQ;
				INFOPLIST_FILE = Aula_008_EdicaoContatos/Info.plist;
				LD_RUNPATH_SEARCH_PATHS = "$(inherited) @executable_path/Frameworks";
				PRODUCT_BUNDLE_IDENTIFIER = "br.quaddro.com.Aula-008-EdicaoContatos";
				PRODUCT_NAME = "$(TARGET_NAME)";
				SWIFT_VERSION = 3.0;
			};
			name = Release;
		};
/* End XCBuildConfiguration section */

/* Begin XCConfigurationList section */
		43CC59141E3AA34D000F312D /* Build configuration list for PBXProject "Aula_008_EdicaoContatos" */ = {
			isa = XCConfigurationList;
			buildConfigurations = (
				43CC59291E3AA34D000F312D /* Debug */,
				43CC592A1E3AA34D000F312D /* Release */,
			);
			defaultConfigurationIsVisible = 0;
			defaultConfigurationName = Release;
		};
		43CC592B1E3AA34D000F312D /* Build configuration list for PBXNativeTarget "Aula_008_EdicaoContatos" */ = {
			isa = XCConfigurationList;
			buildConfigurations = (
				43CC592C1E3AA34D000F312D /* Debug */,
				43CC592D1E3AA34D000F312D /* Release */,
			);
			defaultConfigurationIsVisible = 0;
		};
/* End XCConfigurationList section */
	};
	rootObject = 43CC59111E3AA34D000F312D /* Project object */;
}
